<?xml version="1.0" encoding="utf-8"?>
<Project ToolsVersion="4.0" xmlns="http://schemas.microsoft.com/developer/msbuild/2003">
  <ItemGroup>
    <Filter Include="소스 파일">
      <UniqueIdentifier>{4FC737F1-C7A5-4376-A066-2A32D752A2FF}</UniqueIdentifier>
      <Extensions>cpp;c;cc;cxx;def;odl;idl;hpj;bat;asm;asmx</Extensions>
    </Filter>
    <Filter Include="헤더 파일">
      <UniqueIdentifier>{93995380-89BD-4b04-88EB-625FBE52EBFB}</UniqueIdentifier>
      <Extensions>h;hh;hpp;hxx;hm;inl;inc;xsd</Extensions>
    </Filter>
    <Filter Include="리소스 파일">
      <UniqueIdentifier>{67DA6AB6-F800-4c08-8B7A-83BB121AAD01}</UniqueIdentifier>
      <Extensions>rc;ico;cur;bmp;dlg;rc2;rct;bin;rgs;gif;jpg;jpeg;jpe;resx;tiff;tif;png;wav;mfcribbon-ms</Extensions>
    </Filter>
    <Filter Include="Game">
      <UniqueIdentifier>{8f279be6-bcad-4ca4-ab05-a73322502672}</UniqueIdentifier>
    </Filter>
    <Filter Include="Game\Manager">
      <UniqueIdentifier>{6cd2116b-14da-4fde-a30d-05b882e2d529}</UniqueIdentifier>
    </Filter>
    <Filter Include="Game\Common">
      <UniqueIdentifier>{bd03b4a3-5e0b-45f6-b0e7-2580b66392e8}</UniqueIdentifier>
    </Filter>
    <Filter Include="Game\Util">
      <UniqueIdentifier>{da44ac29-16ef-4baf-bfc6-4b78fc74756c}</UniqueIdentifier>
    </Filter>
    <Filter Include="Game\Common\Transform">
      <UniqueIdentifier>{d53c2294-fe48-4926-97f5-77c5b60730e4}</UniqueIdentifier>
    </Filter>
    <Filter Include="Game\Common\Camera">
      <UniqueIdentifier>{6ae5a348-2a63-4793-9fb4-a480f4661914}</UniqueIdentifier>
    </Filter>
    <Filter Include="Scene">
      <UniqueIdentifier>{47125eb1-ddaa-4b9a-a340-a0241a8a3302}</UniqueIdentifier>
    </Filter>
    <Filter Include="Obj, Ase Loader">
      <UniqueIdentifier>{b2ea4fcd-fa55-4b5c-9d99-7e29c6b7d3ae}</UniqueIdentifier>
    </Filter>
    <Filter Include="Scene\homework">
      <UniqueIdentifier>{ed6b247d-8d17-4d31-9cc2-7c50c3d15481}</UniqueIdentifier>
    </Filter>
    <Filter Include="Objects">
      <UniqueIdentifier>{31ea4585-f5dc-4fea-a409-e55e281b1145}</UniqueIdentifier>
    </Filter>
  </ItemGroup>
  <ItemGroup>
    <Text Include="숙제.txt" />
  </ItemGroup>
  <ItemGroup>
    <ClInclude Include="stdafx.h">
      <Filter>헤더 파일</Filter>
    </ClInclude>
    <ClInclude Include="targetver.h">
      <Filter>헤더 파일</Filter>
    </ClInclude>
    <ClInclude Include="Resource.h">
      <Filter>헤더 파일</Filter>
    </ClInclude>
    <ClInclude Include="DirectX 3D Project.h">
      <Filter>헤더 파일</Filter>
    </ClInclude>
    <ClInclude Include="GameMain.h">
      <Filter>Game</Filter>
    </ClInclude>
    <ClInclude Include="common.h">
      <Filter>Game</Filter>
    </ClInclude>
    <ClInclude Include="Device.h">
      <Filter>Game\Manager</Filter>
    </ClInclude>
    <ClInclude Include="Singleton.h">
      <Filter>Game\Common</Filter>
    </ClInclude>
    <ClInclude Include="Scene.h">
      <Filter>Scene</Filter>
    </ClInclude>
    <ClInclude Include="MyUtil.h">
      <Filter>Game\Util</Filter>
    </ClInclude>
    <ClInclude Include="Transform.h">
      <Filter>Game\Common\Transform</Filter>
    </ClInclude>
    <ClInclude Include="DXFontManager.h">
      <Filter>Game\Manager</Filter>
    </ClInclude>
    <ClInclude Include="GizmoManager.h">
      <Filter>Game\Manager</Filter>
    </ClInclude>
    <ClInclude Include="KeyMgr.h">
      <Filter>Game\Manager</Filter>
    </ClInclude>
    <ClInclude Include="TimeMgr.h">
      <Filter>Game\Manager</Filter>
    </ClInclude>
    <ClInclude Include="LogMgr.h">
      <Filter>Game\Manager</Filter>
    </ClInclude>
    <ClInclude Include="Scene1.h">
      <Filter>Scene</Filter>
    </ClInclude>
    <ClInclude Include="Camera.h">
      <Filter>Game\Common\Camera</Filter>
    </ClInclude>
    <ClInclude Include="cObjMap.h">
      <Filter>Obj, Ase Loader</Filter>
    </ClInclude>
    <ClInclude Include="iMap.h">
      <Filter>Obj, Ase Loader</Filter>
    </ClInclude>
    <ClInclude Include="Asciitok.h">
      <Filter>Obj, Ase Loader</Filter>
    </ClInclude>
    <ClInclude Include="cAseLoader.h">
      <Filter>Obj, Ase Loader</Filter>
    </ClInclude>
    <ClInclude Include="cFrame.h">
      <Filter>Obj, Ase Loader</Filter>
    </ClInclude>
    <ClInclude Include="cMtlTex.h">
      <Filter>Obj, Ase Loader</Filter>
    </ClInclude>
    <ClInclude Include="cObject.h">
      <Filter>Obj, Ase Loader</Filter>
    </ClInclude>
    <ClInclude Include="cObjectManager.h">
      <Filter>Obj, Ase Loader</Filter>
    </ClInclude>
    <ClInclude Include="cObjLoader.h">
      <Filter>Obj, Ase Loader</Filter>
    </ClInclude>
    <ClInclude Include="cGroup.h">
      <Filter>Obj, Ase Loader</Filter>
    </ClInclude>
    <ClInclude Include="cTextureManager.h">
      <Filter>Obj, Ase Loader</Filter>
    </ClInclude>
    <ClInclude Include="Scene_15_09_15.h">
      <Filter>Scene\homework</Filter>
    </ClInclude>
    <ClInclude Include="Cube.h">
      <Filter>Objects</Filter>
    </ClInclude>
    <ClInclude Include="Pyramid.h">
      <Filter>Objects</Filter>
    </ClInclude>
    <ClInclude Include="Figure.h">
      <Filter>헤더 파일</Filter>
    </ClInclude>
  </ItemGroup>
  <ItemGroup>
    <ClCompile Include="stdafx.cpp">
      <Filter>소스 파일</Filter>
    </ClCompile>
    <ClCompile Include="DirectX 3D Project.cpp">
      <Filter>소스 파일</Filter>
    </ClCompile>
    <ClCompile Include="GameMain.cpp">
      <Filter>Game</Filter>
    </ClCompile>
    <ClCompile Include="Device.cpp">
      <Filter>Game\Manager</Filter>
    </ClCompile>
    <ClCompile Include="Transform.cpp">
      <Filter>Game\Common\Transform</Filter>
    </ClCompile>
    <ClCompile Include="MyUtil.cpp">
      <Filter>Game\Util</Filter>
    </ClCompile>
    <ClCompile Include="DXFontManager.cpp">
      <Filter>Game\Manager</Filter>
    </ClCompile>
    <ClCompile Include="GizmoManager.cpp">
      <Filter>Game\Manager</Filter>
    </ClCompile>
    <ClCompile Include="KeyMgr.cpp">
      <Filter>Game\Manager</Filter>
    </ClCompile>
    <ClCompile Include="TimeMgr.cpp">
      <Filter>Game\Manager</Filter>
    </ClCompile>
    <ClCompile Include="LogMgr.cpp">
      <Filter>Game\Manager</Filter>
    </ClCompile>
    <ClCompile Include="Scene1.cpp">
      <Filter>Scene</Filter>
    </ClCompile>
    <ClCompile Include="Camera.cpp">
      <Filter>Game\Common\Camera</Filter>
    </ClCompile>
    <ClCompile Include="cObjMap.cpp">
      <Filter>Obj, Ase Loader</Filter>
    </ClCompile>
    <ClCompile Include="iMap.cpp">
      <Filter>Obj, Ase Loader</Filter>
    </ClCompile>
    <ClCompile Include="cAseLoader.cpp">
      <Filter>Obj, Ase Loader</Filter>
    </ClCompile>
    <ClCompile Include="cFrame.cpp">
      <Filter>Obj, Ase Loader</Filter>
    </ClCompile>
    <ClCompile Include="cMtlTex.cpp">
      <Filter>Obj, Ase Loader</Filter>
    </ClCompile>
    <ClCompile Include="cObject.cpp">
      <Filter>Obj, Ase Loader</Filter>
    </ClCompile>
    <ClCompile Include="cObjectManager.cpp">
      <Filter>Obj, Ase Loader</Filter>
    </ClCompile>
    <ClCompile Include="cObjLoader.cpp">
      <Filter>Obj, Ase Loader</Filter>
    </ClCompile>
    <ClCompile Include="cGroup.cpp">
      <Filter>Obj, Ase Loader</Filter>
    </ClCompile>
    <ClCompile Include="cTextureManager.cpp">
      <Filter>Obj, Ase Loader</Filter>
    </ClCompile>
    <ClCompile Include="Scene_15_09_15.cpp">
      <Filter>Scene\homework</Filter>
    </ClCompile>
    <ClCompile Include="Cube.cpp">
      <Filter>Objects</Filter>
    </ClCompile>
    <ClCompile Include="Pyramid.cpp">
      <Filter>Objects</Filter>
    </ClCompile>
    <ClCompile Include="Figure.cpp">
      <Filter>소스 파일</Filter>
    </ClCompile>
  </ItemGroup>
  <ItemGroup>
    <ResourceCompile Include="DirectX 3D Project.rc">
      <Filter>리소스 파일</Filter>
    </ResourceCompile>
  </ItemGroup>
  <ItemGroup>
    <Image Include="small.ico">
      <Filter>리소스 파일</Filter>
    </Image>
    <Image Include="DirectX 3D Project.ico">
      <Filter>리소스 파일</Filter>
    </Image>
    <Image Include="resource\obj\box.jpg">
      <Filter>리소스 파일</Filter>
    </Image>
    <Image Include="resource\woman\body_woman_01_s.jpg">
      <Filter>리소스 파일</Filter>
    </Image>
    <Image Include="resource\woman\face_woman_02_s.jpg">
      <Filter>리소스 파일</Filter>
    </Image>
    <Image Include="resource\woman\foot_woman_01.jpg">
      <Filter>리소스 파일</Filter>
    </Image>
    <Image Include="resource\woman\hair_woman_01.jpg">
      <Filter>리소스 파일</Filter>
    </Image>
    <Image Include="resource\woman\hand_woman_01.jpg">
      <Filter>리소스 파일</Filter>
    </Image>
    <Image Include="resource\woman\leg_woman_01_s.jpg">
      <Filter>리소스 파일</Filter>
    </Image>
    <Image Include="resource\woman\rabbit.jpg">
      <Filter>리소스 파일</Filter>
    </Image>
    <Image Include="resource\woman\shield.jpg">
      <Filter>리소스 파일</Filter>
    </Image>
    <Image Include="resource\woman\sword_001.jpg">
      <Filter>리소스 파일</Filter>
    </Image>
  </ItemGroup>
</Project>