<?xml version="1.0" encoding="utf-8"?>
<Project ToolsVersion="4.0" xmlns="http://schemas.microsoft.com/developer/msbuild/2003">
  <ItemGroup>
    <Filter Include="소스 파일">
      <UniqueIdentifier>{4FC737F1-C7A5-4376-A066-2A32D752A2FF}</UniqueIdentifier>
      <Extensions>cpp;c;cc;cxx;def;odl;idl;hpj;bat;asm;asmx</Extensions>
    </Filter>
    <Filter Include="헤더 파일">
      <UniqueIdentifier>{93995380-89BD-4b04-88EB-625FBE52EBFB}</UniqueIdentifier>
      <Extensions>h;hh;hpp;hxx;hm;inl;inc;xsd</Extensions>
    </Filter>
    <Filter Include="리소스 파일">
      <UniqueIdentifier>{67DA6AB6-F800-4c08-8B7A-83BB121AAD01}</UniqueIdentifier>
      <Extensions>rc;ico;cur;bmp;dlg;rc2;rct;bin;rgs;gif;jpg;jpeg;jpe;resx;tiff;tif;png;wav;mfcribbon-ms</Extensions>
    </Filter>
    <Filter Include="Scene">
      <UniqueIdentifier>{47125eb1-ddaa-4b9a-a340-a0241a8a3302}</UniqueIdentifier>
    </Filter>
    <Filter Include="Framework">
      <UniqueIdentifier>{8f279be6-bcad-4ca4-ab05-a73322502672}</UniqueIdentifier>
    </Filter>
    <Filter Include="Framework\Manager">
      <UniqueIdentifier>{6cd2116b-14da-4fde-a30d-05b882e2d529}</UniqueIdentifier>
    </Filter>
    <Filter Include="Framework\Common">
      <UniqueIdentifier>{bd03b4a3-5e0b-45f6-b0e7-2580b66392e8}</UniqueIdentifier>
    </Filter>
    <Filter Include="Framework\Common\Transform">
      <UniqueIdentifier>{d53c2294-fe48-4926-97f5-77c5b60730e4}</UniqueIdentifier>
    </Filter>
    <Filter Include="Framework\Common\Camera">
      <UniqueIdentifier>{6ae5a348-2a63-4793-9fb4-a480f4661914}</UniqueIdentifier>
    </Filter>
    <Filter Include="Framework\Util">
      <UniqueIdentifier>{da44ac29-16ef-4baf-bfc6-4b78fc74756c}</UniqueIdentifier>
    </Filter>
    <Filter Include="Framework\Shader">
      <UniqueIdentifier>{4ffdb3af-2856-4e67-9d43-375fae9f7574}</UniqueIdentifier>
    </Filter>
    <Filter Include="Game">
      <UniqueIdentifier>{517d4b09-0d85-4c46-b01e-43dc7a53bd84}</UniqueIdentifier>
    </Filter>
    <Filter Include="Game\Object">
      <UniqueIdentifier>{9c16f2b1-d6b1-4044-ae0c-55ebf84a328d}</UniqueIdentifier>
    </Filter>
  </ItemGroup>
  <ItemGroup>
    <Text Include="ReadMe.txt" />
  </ItemGroup>
  <ItemGroup>
    <ClInclude Include="stdafx.h">
      <Filter>헤더 파일</Filter>
    </ClInclude>
    <ClInclude Include="targetver.h">
      <Filter>헤더 파일</Filter>
    </ClInclude>
    <ClInclude Include="Resource.h">
      <Filter>헤더 파일</Filter>
    </ClInclude>
    <ClInclude Include="DirectX 3D Project.h">
      <Filter>헤더 파일</Filter>
    </ClInclude>
    <ClInclude Include="GameMain.h">
      <Filter>Framework</Filter>
    </ClInclude>
    <ClInclude Include="common.h">
      <Filter>Framework</Filter>
    </ClInclude>
    <ClInclude Include="Device.h">
      <Filter>Framework\Manager</Filter>
    </ClInclude>
    <ClInclude Include="Singleton.h">
      <Filter>Framework\Common</Filter>
    </ClInclude>
    <ClInclude Include="Scene.h">
      <Filter>Scene</Filter>
    </ClInclude>
    <ClInclude Include="MyUtil.h">
      <Filter>Framework\Util</Filter>
    </ClInclude>
    <ClInclude Include="Transform.h">
      <Filter>Framework\Common\Transform</Filter>
    </ClInclude>
    <ClInclude Include="DXFontManager.h">
      <Filter>Framework\Manager</Filter>
    </ClInclude>
    <ClInclude Include="GizmoManager.h">
      <Filter>Framework\Manager</Filter>
    </ClInclude>
    <ClInclude Include="KeyMgr.h">
      <Filter>Framework\Manager</Filter>
    </ClInclude>
    <ClInclude Include="TimeMgr.h">
      <Filter>Framework\Manager</Filter>
    </ClInclude>
    <ClInclude Include="LogMgr.h">
      <Filter>Framework\Manager</Filter>
    </ClInclude>
    <ClInclude Include="Scene1.h">
      <Filter>Scene</Filter>
    </ClInclude>
    <ClInclude Include="Camera.h">
      <Filter>Framework\Common\Camera</Filter>
    </ClInclude>
    <ClInclude Include="Cube.h">
      <Filter>헤더 파일</Filter>
    </ClInclude>
  </ItemGroup>
  <ItemGroup>
    <ClCompile Include="stdafx.cpp">
      <Filter>소스 파일</Filter>
    </ClCompile>
    <ClCompile Include="DirectX 3D Project.cpp">
      <Filter>소스 파일</Filter>
    </ClCompile>
    <ClCompile Include="GameMain.cpp">
      <Filter>Framework</Filter>
    </ClCompile>
    <ClCompile Include="Device.cpp">
      <Filter>Framework\Manager</Filter>
    </ClCompile>
    <ClCompile Include="Transform.cpp">
      <Filter>Framework\Common\Transform</Filter>
    </ClCompile>
    <ClCompile Include="MyUtil.cpp">
      <Filter>Framework\Util</Filter>
    </ClCompile>
    <ClCompile Include="DXFontManager.cpp">
      <Filter>Framework\Manager</Filter>
    </ClCompile>
    <ClCompile Include="GizmoManager.cpp">
      <Filter>Framework\Manager</Filter>
    </ClCompile>
    <ClCompile Include="KeyMgr.cpp">
      <Filter>Framework\Manager</Filter>
    </ClCompile>
    <ClCompile Include="TimeMgr.cpp">
      <Filter>Framework\Manager</Filter>
    </ClCompile>
    <ClCompile Include="LogMgr.cpp">
      <Filter>Framework\Manager</Filter>
    </ClCompile>
    <ClCompile Include="Scene1.cpp">
      <Filter>Scene</Filter>
    </ClCompile>
    <ClCompile Include="Camera.cpp">
      <Filter>Framework\Common\Camera</Filter>
    </ClCompile>
    <ClCompile Include="Cube.cpp">
      <Filter>소스 파일</Filter>
    </ClCompile>
  </ItemGroup>
  <ItemGroup>
    <ResourceCompile Include="DirectX 3D Project.rc">
      <Filter>리소스 파일</Filter>
    </ResourceCompile>
  </ItemGroup>
  <ItemGroup>
    <Image Include="small.ico">
      <Filter>리소스 파일</Filter>
    </Image>
    <Image Include="DirectX 3D Project.ico">
      <Filter>리소스 파일</Filter>
    </Image>
  </ItemGroup>
</Project>